Microsoft Visual Studio Solution File, Format Version 12.00
# Visual Studio Version 17
VisualStudioVersion = 17.5.2.0
MinimumVisualStudioVersion = 10.0.40219.1
Project("{FAE04EC0-301F-11D3-BF4B-00C04F79EFBC}") = "NexaPlan.API", "NexaPlan.API.csproj", "{5845D66E-7202-49C3-C672-A72B390954BF}"
EndProject
Global
	GlobalSection(SolutionConfigurationPlatforms) = preSolution
		Debug|Any CPU = Debug|Any CPU
		Release|Any CPU = Release|Any CPU
	EndGlobalSection
	GlobalSection(ProjectConfigurationPlatforms) = postSolution
		{5845D66E-7202-49C3-C672-A72B390954BF}.Debug|Any CPU.ActiveCfg = Debug|Any CPU
		{5845D66E-7202-49C3-C672-A72B390954BF}.Debug|Any CPU.Build.0 = Debug|Any CPU
		{5845D66E-7202-49C3-C672-A72B390954BF}.Release|Any CPU.ActiveCfg = Release|Any CPU
		{5845D66E-7202-49C3-C672-A72B390954BF}.Release|Any CPU.Build.0 = Release|Any CPU
	EndGlobalSection
	GlobalSection(SolutionProperties) = preSolution
		HideSolutionNode = FALSE
	EndGlobalSection
	GlobalSection(ExtensibilityGlobals) = postSolution
		SolutionGuid = {6926209F-3F30-41D9-814F-34E47F46E157}
	EndGlobalSection
EndGlobal
